// !$*UTF8*$!
{
	archiveVersion = 1;
	classes = {
	};
	objectVersion = 50;
	objects = {

/* Begin PBXBuildFile section */
		14D423DA58C8D6500EB79762 /* Pods_Quiz_FBLAUITests.framework in Frameworks */ = {isa = PBXBuildFile; fileRef = 33C736D06E66823CA557D61E /* Pods_Quiz_FBLAUITests.framework */; };
		1B5F842C21E57C6F00F918E1 /* AppDelegate.swift in Sources */ = {isa = PBXBuildFile; fileRef = 1B5F842B21E57C6F00F918E1 /* AppDelegate.swift */; };
		1B5F842E21E57C6F00F918E1 /* ViewController.swift in Sources */ = {isa = PBXBuildFile; fileRef = 1B5F842D21E57C6F00F918E1 /* ViewController.swift */; };
		1B5F843121E57C6F00F918E1 /* Main.storyboard in Resources */ = {isa = PBXBuildFile; fileRef = 1B5F842F21E57C6F00F918E1 /* Main.storyboard */; };
		1B5F843321E57C7100F918E1 /* Assets.xcassets in Resources */ = {isa = PBXBuildFile; fileRef = 1B5F843221E57C7100F918E1 /* Assets.xcassets */; };
		1B5F843621E57C7100F918E1 /* LaunchScreen.storyboard in Resources */ = {isa = PBXBuildFile; fileRef = 1B5F843421E57C7100F918E1 /* LaunchScreen.storyboard */; };
		1B5F844121E57C7100F918E1 /* Quiz_FBLATests.swift in Sources */ = {isa = PBXBuildFile; fileRef = 1B5F844021E57C7100F918E1 /* Quiz_FBLATests.swift */; };
		1B5F844C21E57C7100F918E1 /* Quiz_FBLAUITests.swift in Sources */ = {isa = PBXBuildFile; fileRef = 1B5F844B21E57C7100F918E1 /* Quiz_FBLAUITests.swift */; };
		1B5F845F21E5856E00F918E1 /* ViewControllerHome.swift in Sources */ = {isa = PBXBuildFile; fileRef = 1B5F845E21E5856E00F918E1 /* ViewControllerHome.swift */; };
		1B5F846321E5960F00F918E1 /* ViewControllerTrivia.swift in Sources */ = {isa = PBXBuildFile; fileRef = 1B5F846221E5960F00F918E1 /* ViewControllerTrivia.swift */; };
		1B5F846521E5AB5B00F918E1 /* ViewControllerGame.swift in Sources */ = {isa = PBXBuildFile; fileRef = 1B5F846421E5AB5B00F918E1 /* ViewControllerGame.swift */; };
		1B5F846721E5ABF500F918E1 /* Question.swift in Sources */ = {isa = PBXBuildFile; fileRef = 1B5F846621E5ABF500F918E1 /* Question.swift */; };
		1B5F846B21E8506A00F918E1 /* ViewControllerEndScreen.swift in Sources */ = {isa = PBXBuildFile; fileRef = 1B5F846A21E8506A00F918E1 /* ViewControllerEndScreen.swift */; };
		1B5F847D21EB1E9C00F918E1 /* HKGrotesk-Bold.ttf in Resources */ = {isa = PBXBuildFile; fileRef = 1B5F847C21EB1E9C00F918E1 /* HKGrotesk-Bold.ttf */; };
		1B8D4C0721EBC7F900660254 /* animation-w750-h450 (4).json in Resources */ = {isa = PBXBuildFile; fileRef = 1B8D4C0621EBC7F900660254 /* animation-w750-h450 (4).json */; };
		1B8D4C0921EBCA0400660254 /* animation-w750-h450 (5).json in Resources */ = {isa = PBXBuildFile; fileRef = 1B8D4C0821EBCA0400660254 /* animation-w750-h450 (5).json */; };
		1BC750AF21EC8E6300E73287 /* ViewControllerAttribution.swift in Sources */ = {isa = PBXBuildFile; fileRef = 1BC750AE21EC8E6300E73287 /* ViewControllerAttribution.swift */; };
		1BC750B121EC96F400E73287 /* dotloader.json in Resources */ = {isa = PBXBuildFile; fileRef = 1BC750B021EC96F400E73287 /* dotloader.json */; };
		1BC750B321EC9DF300E73287 /* smile.json in Resources */ = {isa = PBXBuildFile; fileRef = 1BC750B221EC9DF300E73287 /* smile.json */; };
		93C96C60B0961D277943D2AA /* Pods_Quiz_FBLATests.framework in Frameworks */ = {isa = PBXBuildFile; fileRef = 9C01BC4B62D9D28D2068D711 /* Pods_Quiz_FBLATests.framework */; };
		ADE28854A41878B815649405 /* Pods_Quiz_FBLA.framework in Frameworks */ = {isa = PBXBuildFile; fileRef = 9D0796E906E9CEBCF03F3CC1 /* Pods_Quiz_FBLA.framework */; };
/* End PBXBuildFile section */

/* Begin PBXContainerItemProxy section */
		1B5F843D21E57C7100F918E1 /* PBXContainerItemProxy */ = {
			isa = PBXContainerItemProxy;
			containerPortal = 1B5F842021E57C6F00F918E1 /* Project object */;
			proxyType = 1;
			remoteGlobalIDString = 1B5F842721E57C6F00F918E1;
			remoteInfo = "Quiz-FBLA";
		};
		1B5F844821E57C7100F918E1 /* PBXContainerItemProxy */ = {
			isa = PBXContainerItemProxy;
			containerPortal = 1B5F842021E57C6F00F918E1 /* Project object */;
			proxyType = 1;
			remoteGlobalIDString = 1B5F842721E57C6F00F918E1;
			remoteInfo = "Quiz-FBLA";
		};
/* End PBXContainerItemProxy section */

/* Begin PBXFileReference section */
		0C61574F159E28140108DA40 /* Pods-Quiz-FBLA.debug.xcconfig */ = {isa = PBXFileReference; includeInIndex = 1; lastKnownFileType = text.xcconfig; name = "Pods-Quiz-FBLA.debug.xcconfig"; path = "Pods/Target Support Files/Pods-Quiz-FBLA/Pods-Quiz-FBLA.debug.xcconfig"; sourceTree = "<group>"; };
		0DED3CBA5DDFD7DF69D23192 /* Pods-Quiz-FBLA.release.xcconfig */ = {isa = PBXFileReference; includeInIndex = 1; lastKnownFileType = text.xcconfig; name = "Pods-Quiz-FBLA.release.xcconfig"; path = "Pods/Target Support Files/Pods-Quiz-FBLA/Pods-Quiz-FBLA.release.xcconfig"; sourceTree = "<group>"; };
		1B5F842821E57C6F00F918E1 /* Quiz-FBLA.app */ = {isa = PBXFileReference; explicitFileType = wrapper.application; includeInIndex = 0; path = "Quiz-FBLA.app"; sourceTree = BUILT_PRODUCTS_DIR; };
		1B5F842B21E57C6F00F918E1 /* AppDelegate.swift */ = {isa = PBXFileReference; lastKnownFileType = sourcecode.swift; path = AppDelegate.swift; sourceTree = "<group>"; };
		1B5F842D21E57C6F00F918E1 /* ViewController.swift */ = {isa = PBXFileReference; lastKnownFileType = sourcecode.swift; path = ViewController.swift; sourceTree = "<group>"; };
		1B5F843021E57C6F00F918E1 /* Base */ = {isa = PBXFileReference; lastKnownFileType = file.storyboard; name = Base; path = Base.lproj/Main.storyboard; sourceTree = "<group>"; };
		1B5F843221E57C7100F918E1 /* Assets.xcassets */ = {isa = PBXFileReference; lastKnownFileType = folder.assetcatalog; path = Assets.xcassets; sourceTree = "<group>"; };
		1B5F843521E57C7100F918E1 /* Base */ = {isa = PBXFileReference; lastKnownFileType = file.storyboard; name = Base; path = Base.lproj/LaunchScreen.storyboard; sourceTree = "<group>"; };
		1B5F843721E57C7100F918E1 /* Info.plist */ = {isa = PBXFileReference; lastKnownFileType = text.plist.xml; path = Info.plist; sourceTree = "<group>"; };
		1B5F843C21E57C7100F918E1 /* Quiz-FBLATests.xctest */ = {isa = PBXFileReference; explicitFileType = wrapper.cfbundle; includeInIndex = 0; path = "Quiz-FBLATests.xctest"; sourceTree = BUILT_PRODUCTS_DIR; };
		1B5F844021E57C7100F918E1 /* Quiz_FBLATests.swift */ = {isa = PBXFileReference; lastKnownFileType = sourcecode.swift; path = Quiz_FBLATests.swift; sourceTree = "<group>"; };
		1B5F844221E57C7100F918E1 /* Info.plist */ = {isa = PBXFileReference; lastKnownFileType = text.plist.xml; path = Info.plist; sourceTree = "<group>"; };
		1B5F844721E57C7100F918E1 /* Quiz-FBLAUITests.xctest */ = {isa = PBXFileReference; explicitFileType = wrapper.cfbundle; includeInIndex = 0; path = "Quiz-FBLAUITests.xctest"; sourceTree = BUILT_PRODUCTS_DIR; };
		1B5F844B21E57C7100F918E1 /* Quiz_FBLAUITests.swift */ = {isa = PBXFileReference; lastKnownFileType = sourcecode.swift; path = Quiz_FBLAUITests.swift; sourceTree = "<group>"; };
		1B5F844D21E57C7100F918E1 /* Info.plist */ = {isa = PBXFileReference; lastKnownFileType = text.plist.xml; path = Info.plist; sourceTree = "<group>"; };
		1B5F845E21E5856E00F918E1 /* ViewControllerHome.swift */ = {isa = PBXFileReference; lastKnownFileType = sourcecode.swift; path = ViewControllerHome.swift; sourceTree = "<group>"; };
		1B5F846221E5960F00F918E1 /* ViewControllerTrivia.swift */ = {isa = PBXFileReference; lastKnownFileType = sourcecode.swift; path = ViewControllerTrivia.swift; sourceTree = "<group>"; };
		1B5F846421E5AB5B00F918E1 /* ViewControllerGame.swift */ = {isa = PBXFileReference; lastKnownFileType = sourcecode.swift; path = ViewControllerGame.swift; sourceTree = "<group>"; };
		1B5F846621E5ABF500F918E1 /* Question.swift */ = {isa = PBXFileReference; lastKnownFileType = sourcecode.swift; path = Question.swift; sourceTree = "<group>"; };
		1B5F846A21E8506A00F918E1 /* ViewControllerEndScreen.swift */ = {isa = PBXFileReference; lastKnownFileType = sourcecode.swift; path = ViewControllerEndScreen.swift; sourceTree = "<group>"; };
		1B5F847C21EB1E9C00F918E1 /* HKGrotesk-Bold.ttf */ = {isa = PBXFileReference; lastKnownFileType = file; path = "HKGrotesk-Bold.ttf"; sourceTree = "<group>"; };
		1B8D4C0621EBC7F900660254 /* animation-w750-h450 (4).json */ = {isa = PBXFileReference; fileEncoding = 4; lastKnownFileType = text.json; path = "animation-w750-h450 (4).json"; sourceTree = "<group>"; };
		1B8D4C0821EBCA0400660254 /* animation-w750-h450 (5).json */ = {isa = PBXFileReference; fileEncoding = 4; lastKnownFileType = text.json; path = "animation-w750-h450 (5).json"; sourceTree = "<group>"; };
		1BC750AE21EC8E6300E73287 /* ViewControllerAttribution.swift */ = {isa = PBXFileReference; lastKnownFileType = sourcecode.swift; path = ViewControllerAttribution.swift; sourceTree = "<group>"; };
		1BC750B021EC96F400E73287 /* dotloader.json */ = {isa = PBXFileReference; fileEncoding = 4; lastKnownFileType = text.json; path = dotloader.json; sourceTree = "<group>"; };
		1BC750B221EC9DF300E73287 /* smile.json */ = {isa = PBXFileReference; fileEncoding = 4; lastKnownFileType = text.json; path = smile.json; sourceTree = "<group>"; };
		33C736D06E66823CA557D61E /* Pods_Quiz_FBLAUITests.framework */ = {isa = PBXFileReference; explicitFileType = wrapper.framework; includeInIndex = 0; path = Pods_Quiz_FBLAUITests.framework; sourceTree = BUILT_PRODUCTS_DIR; };
		4174F88DF160BF90BC5B05DB /* Pods-Quiz-FBLATests.release.xcconfig */ = {isa = PBXFileReference; includeInIndex = 1; lastKnownFileType = text.xcconfig; name = "Pods-Quiz-FBLATests.release.xcconfig"; path = "Pods/Target Support Files/Pods-Quiz-FBLATests/Pods-Quiz-FBLATests.release.xcconfig"; sourceTree = "<group>"; };
		43B11550320BD5A988C3CF09 /* Pods-Quiz-FBLAUITests.release.xcconfig */ = {isa = PBXFileReference; includeInIndex = 1; lastKnownFileType = text.xcconfig; name = "Pods-Quiz-FBLAUITests.release.xcconfig"; path = "Pods/Target Support Files/Pods-Quiz-FBLAUITests/Pods-Quiz-FBLAUITests.release.xcconfig"; sourceTree = "<group>"; };
		9C01BC4B62D9D28D2068D711 /* Pods_Quiz_FBLATests.framework */ = {isa = PBXFileReference; explicitFileType = wrapper.framework; includeInIndex = 0; path = Pods_Quiz_FBLATests.framework; sourceTree = BUILT_PRODUCTS_DIR; };
		9D0796E906E9CEBCF03F3CC1 /* Pods_Quiz_FBLA.framework */ = {isa = PBXFileReference; explicitFileType = wrapper.framework; includeInIndex = 0; path = Pods_Quiz_FBLA.framework; sourceTree = BUILT_PRODUCTS_DIR; };
		C344A87047A3C4794269CB7B /* Pods-Quiz-FBLATests.debug.xcconfig */ = {isa = PBXFileReference; includeInIndex = 1; lastKnownFileType = text.xcconfig; name = "Pods-Quiz-FBLATests.debug.xcconfig"; path = "Pods/Target Support Files/Pods-Quiz-FBLATests/Pods-Quiz-FBLATests.debug.xcconfig"; sourceTree = "<group>"; };
		CDECE40CFFF14DDBA631507B /* Pods-Quiz-FBLAUITests.debug.xcconfig */ = {isa = PBXFileReference; includeInIndex = 1; lastKnownFileType = text.xcconfig; name = "Pods-Quiz-FBLAUITests.debug.xcconfig"; path = "Pods/Target Support Files/Pods-Quiz-FBLAUITests/Pods-Quiz-FBLAUITests.debug.xcconfig"; sourceTree = "<group>"; };
/* End PBXFileReference section */

/* Begin PBXFrameworksBuildPhase section */
		1B5F842521E57C6F00F918E1 /* Frameworks */ = {
			isa = PBXFrameworksBuildPhase;
			buildActionMask = 2147483647;
			files = (
				ADE28854A41878B815649405 /* Pods_Quiz_FBLA.framework in Frameworks */,
			);
			runOnlyForDeploymentPostprocessing = 0;
		};
		1B5F843921E57C7100F918E1 /* Frameworks */ = {
			isa = PBXFrameworksBuildPhase;
			buildActionMask = 2147483647;
			files = (
				93C96C60B0961D277943D2AA /* Pods_Quiz_FBLATests.framework in Frameworks */,
			);
			runOnlyForDeploymentPostprocessing = 0;
		};
		1B5F844421E57C7100F918E1 /* Frameworks */ = {
			isa = PBXFrameworksBuildPhase;
			buildActionMask = 2147483647;
			files = (
				14D423DA58C8D6500EB79762 /* Pods_Quiz_FBLAUITests.framework in Frameworks */,
			);
			runOnlyForDeploymentPostprocessing = 0;
		};
/* End PBXFrameworksBuildPhase section */

/* Begin PBXGroup section */
		1B5F841F21E57C6F00F918E1 = {
			isa = PBXGroup;
			children = (
				1B5F842A21E57C6F00F918E1 /* Quiz-FBLA */,
				1B5F843F21E57C7100F918E1 /* Quiz-FBLATests */,
				1B5F844A21E57C7100F918E1 /* Quiz-FBLAUITests */,
				1B5F842921E57C6F00F918E1 /* Products */,
				F5EE873E43AC26B61CD9ECBC /* Pods */,
				95E25A520C77405CF0015658 /* Frameworks */,
			);
			sourceTree = "<group>";
		};
		1B5F842921E57C6F00F918E1 /* Products */ = {
			isa = PBXGroup;
			children = (
				1B5F842821E57C6F00F918E1 /* Quiz-FBLA.app */,
				1B5F843C21E57C7100F918E1 /* Quiz-FBLATests.xctest */,
				1B5F844721E57C7100F918E1 /* Quiz-FBLAUITests.xctest */,
			);
			name = Products;
			sourceTree = "<group>";
		};
		1B5F842A21E57C6F00F918E1 /* Quiz-FBLA */ = {
			isa = PBXGroup;
			children = (
				1B5F845B21E57DF900F918E1 /* ViewControllers */,
				1B5F845921E57DB500F918E1 /* StoryBoards */,
				1B5F845A21E57DE600F918E1 /* Other */,
			);
			path = "Quiz-FBLA";
			sourceTree = "<group>";
		};
		1B5F843F21E57C7100F918E1 /* Quiz-FBLATests */ = {
			isa = PBXGroup;
			children = (
				1B5F844021E57C7100F918E1 /* Quiz_FBLATests.swift */,
				1B5F844221E57C7100F918E1 /* Info.plist */,
			);
			path = "Quiz-FBLATests";
			sourceTree = "<group>";
		};
		1B5F844A21E57C7100F918E1 /* Quiz-FBLAUITests */ = {
			isa = PBXGroup;
			children = (
				1B5F844B21E57C7100F918E1 /* Quiz_FBLAUITests.swift */,
				1B5F844D21E57C7100F918E1 /* Info.plist */,
			);
			path = "Quiz-FBLAUITests";
			sourceTree = "<group>";
		};
		1B5F845921E57DB500F918E1 /* StoryBoards */ = {
			isa = PBXGroup;
			children = (
				1B5F842F21E57C6F00F918E1 /* Main.storyboard */,
				1B5F843421E57C7100F918E1 /* LaunchScreen.storyboard */,
			);
			path = StoryBoards;
			sourceTree = "<group>";
		};
		1B5F845A21E57DE600F918E1 /* Other */ = {
			isa = PBXGroup;
			children = (
				1B5F846621E5ABF500F918E1 /* Question.swift */,
				1B5F842B21E57C6F00F918E1 /* AppDelegate.swift */,
				1B5F843721E57C7100F918E1 /* Info.plist */,
				1B5F843221E57C7100F918E1 /* Assets.xcassets */,
				1B5F847C21EB1E9C00F918E1 /* HKGrotesk-Bold.ttf */,
				1BC750B421ECA99B00E73287 /* Animations */,
			);
			path = Other;
			sourceTree = "<group>";
		};
		1B5F845B21E57DF900F918E1 /* ViewControllers */ = {
			isa = PBXGroup;
			children = (
				1BC750AE21EC8E6300E73287 /* ViewControllerAttribution.swift */,
				1B5F846A21E8506A00F918E1 /* ViewControllerEndScreen.swift */,
				1B5F846421E5AB5B00F918E1 /* ViewControllerGame.swift */,
				1B5F846221E5960F00F918E1 /* ViewControllerTrivia.swift */,
				1B5F845E21E5856E00F918E1 /* ViewControllerHome.swift */,
				1B5F842D21E57C6F00F918E1 /* ViewController.swift */,
			);
			path = ViewControllers;
			sourceTree = "<group>";
		};
		1BC750B421ECA99B00E73287 /* Animations */ = {
			isa = PBXGroup;
			children = (
				1BC750B021EC96F400E73287 /* dotloader.json */,
				1B8D4C0821EBCA0400660254 /* animation-w750-h450 (5).json */,
				1B8D4C0621EBC7F900660254 /* animation-w750-h450 (4).json */,
				1BC750B221EC9DF300E73287 /* smile.json */,
			);
			path = Animations;
			sourceTree = "<group>";
		};
		95E25A520C77405CF0015658 /* Frameworks */ = {
			isa = PBXGroup;
			children = (
				9D0796E906E9CEBCF03F3CC1 /* Pods_Quiz_FBLA.framework */,
				9C01BC4B62D9D28D2068D711 /* Pods_Quiz_FBLATests.framework */,
				33C736D06E66823CA557D61E /* Pods_Quiz_FBLAUITests.framework */,
			);
			name = Frameworks;
			sourceTree = "<group>";
		};
		F5EE873E43AC26B61CD9ECBC /* Pods */ = {
			isa = PBXGroup;
			children = (
				0C61574F159E28140108DA40 /* Pods-Quiz-FBLA.debug.xcconfig */,
				0DED3CBA5DDFD7DF69D23192 /* Pods-Quiz-FBLA.release.xcconfig */,
				C344A87047A3C4794269CB7B /* Pods-Quiz-FBLATests.debug.xcconfig */,
				4174F88DF160BF90BC5B05DB /* Pods-Quiz-FBLATests.release.xcconfig */,
				CDECE40CFFF14DDBA631507B /* Pods-Quiz-FBLAUITests.debug.xcconfig */,
				43B11550320BD5A988C3CF09 /* Pods-Quiz-FBLAUITests.release.xcconfig */,
			);
			name = Pods;
			sourceTree = "<group>";
		};
/* End PBXGroup section */

/* Begin PBXNativeTarget section */
		1B5F842721E57C6F00F918E1 /* Quiz-FBLA */ = {
			isa = PBXNativeTarget;
			buildConfigurationList = 1B5F845021E57C7100F918E1 /* Build configuration list for PBXNativeTarget "Quiz-FBLA" */;
			buildPhases = (
				DDF2DFC1F9D581C804B981EE /* [CP] Check Pods Manifest.lock */,
				1B5F842421E57C6F00F918E1 /* Sources */,
				1B5F842521E57C6F00F918E1 /* Frameworks */,
				1B5F842621E57C6F00F918E1 /* Resources */,
				34B1CCDEB0CC03630C5DBD2C /* [CP] Embed Pods Frameworks */,
			);
			buildRules = (
			);
			dependencies = (
			);
			name = "Quiz-FBLA";
			productName = "Quiz-FBLA";
			productReference = 1B5F842821E57C6F00F918E1 /* Quiz-FBLA.app */;
			productType = "com.apple.product-type.application";
		};
		1B5F843B21E57C7100F918E1 /* Quiz-FBLATests */ = {
			isa = PBXNativeTarget;
			buildConfigurationList = 1B5F845321E57C7100F918E1 /* Build configuration list for PBXNativeTarget "Quiz-FBLATests" */;
			buildPhases = (
				1F563EC663173C23D679B91D /* [CP] Check Pods Manifest.lock */,
				1B5F843821E57C7100F918E1 /* Sources */,
				1B5F843921E57C7100F918E1 /* Frameworks */,
				1B5F843A21E57C7100F918E1 /* Resources */,
			);
			buildRules = (
			);
			dependencies = (
				1B5F843E21E57C7100F918E1 /* PBXTargetDependency */,
			);
			name = "Quiz-FBLATests";
			productName = "Quiz-FBLATests";
			productReference = 1B5F843C21E57C7100F918E1 /* Quiz-FBLATests.xctest */;
			productType = "com.apple.product-type.bundle.unit-test";
		};
		1B5F844621E57C7100F918E1 /* Quiz-FBLAUITests */ = {
			isa = PBXNativeTarget;
			buildConfigurationList = 1B5F845621E57C7100F918E1 /* Build configuration list for PBXNativeTarget "Quiz-FBLAUITests" */;
			buildPhases = (
				B3B788118E076EC3D942CB0A /* [CP] Check Pods Manifest.lock */,
				1B5F844321E57C7100F918E1 /* Sources */,
				1B5F844421E57C7100F918E1 /* Frameworks */,
				1B5F844521E57C7100F918E1 /* Resources */,
			);
			buildRules = (
			);
			dependencies = (
				1B5F844921E57C7100F918E1 /* PBXTargetDependency */,
			);
			name = "Quiz-FBLAUITests";
			productName = "Quiz-FBLAUITests";
			productReference = 1B5F844721E57C7100F918E1 /* Quiz-FBLAUITests.xctest */;
			productType = "com.apple.product-type.bundle.ui-testing";
		};
/* End PBXNativeTarget section */

/* Begin PBXProject section */
		1B5F842021E57C6F00F918E1 /* Project object */ = {
			isa = PBXProject;
			attributes = {
				LastSwiftUpdateCheck = 1010;
				LastUpgradeCheck = 1010;
				ORGANIZATIONNAME = "Arez Khidr";
				TargetAttributes = {
					1B5F842721E57C6F00F918E1 = {
						CreatedOnToolsVersion = 10.1;
					};
					1B5F843B21E57C7100F918E1 = {
						CreatedOnToolsVersion = 10.1;
						TestTargetID = 1B5F842721E57C6F00F918E1;
					};
					1B5F844621E57C7100F918E1 = {
						CreatedOnToolsVersion = 10.1;
						TestTargetID = 1B5F842721E57C6F00F918E1;
					};
				};
			};
			buildConfigurationList = 1B5F842321E57C6F00F918E1 /* Build configuration list for PBXProject "Quiz-FBLA" */;
			compatibilityVersion = "Xcode 9.3";
			developmentRegion = en;
			hasScannedForEncodings = 0;
			knownRegions = (
				en,
				Base,
			);
			mainGroup = 1B5F841F21E57C6F00F918E1;
			productRefGroup = 1B5F842921E57C6F00F918E1 /* Products */;
			projectDirPath = "";
			projectRoot = "";
			targets = (
				1B5F842721E57C6F00F918E1 /* Quiz-FBLA */,
				1B5F843B21E57C7100F918E1 /* Quiz-FBLATests */,
				1B5F844621E57C7100F918E1 /* Quiz-FBLAUITests */,
			);
		};
/* End PBXProject section */

/* Begin PBXResourcesBuildPhase section */
		1B5F842621E57C6F00F918E1 /* Resources */ = {
			isa = PBXResourcesBuildPhase;
			buildActionMask = 2147483647;
			files = (
				1B8D4C0721EBC7F900660254 /* animation-w750-h450 (4).json in Resources */,
				1B5F847D21EB1E9C00F918E1 /* HKGrotesk-Bold.ttf in Resources */,
				1B5F843621E57C7100F918E1 /* LaunchScreen.storyboard in Resources */,
				1B5F843321E57C7100F918E1 /* Assets.xcassets in Resources */,
				1BC750B121EC96F400E73287 /* dotloader.json in Resources */,
				1B5F843121E57C6F00F918E1 /* Main.storyboard in Resources */,
				1B8D4C0921EBCA0400660254 /* animation-w750-h450 (5).json in Resources */,
				1BC750B321EC9DF300E73287 /* smile.json in Resources */,
			);
			runOnlyForDeploymentPostprocessing = 0;
		};
		1B5F843A21E57C7100F918E1 /* Resources */ = {
			isa = PBXResourcesBuildPhase;
			buildActionMask = 2147483647;
			files = (
			);
			runOnlyForDeploymentPostprocessing = 0;
		};
		1B5F844521E57C7100F918E1 /* Resources */ = {
			isa = PBXResourcesBuildPhase;
			buildActionMask = 2147483647;
			files = (
			);
			runOnlyForDeploymentPostprocessing = 0;
		};
/* End PBXResourcesBuildPhase section */

/* Begin PBXShellScriptBuildPhase section */
		1F563EC663173C23D679B91D /* [CP] Check Pods Manifest.lock */ = {
			isa = PBXShellScriptBuildPhase;
			buildActionMask = 2147483647;
			files = (
			);
			inputFileListPaths = (
			);
			inputPaths = (
				"${PODS_PODFILE_DIR_PATH}/Podfile.lock",
				"${PODS_ROOT}/Manifest.lock",
			);
			name = "[CP] Check Pods Manifest.lock";
			outputFileListPaths = (
			);
			outputPaths = (
				"$(DERIVED_FILE_DIR)/Pods-Quiz-FBLATests-checkManifestLockResult.txt",
			);
			runOnlyForDeploymentPostprocessing = 0;
			shellPath = /bin/sh;
			shellScript = "diff \"${PODS_PODFILE_DIR_PATH}/Podfile.lock\" \"${PODS_ROOT}/Manifest.lock\" > /dev/null\nif [ $? != 0 ] ; then\n    # print error to STDERR\n    echo \"error: The sandbox is not in sync with the Podfile.lock. Run 'pod install' or update your CocoaPods installation.\" >&2\n    exit 1\nfi\n# This output is used by Xcode 'outputs' to avoid re-running this script phase.\necho \"SUCCESS\" > \"${SCRIPT_OUTPUT_FILE_0}\"\n";
			showEnvVarsInLog = 0;
		};
		34B1CCDEB0CC03630C5DBD2C /* [CP] Embed Pods Frameworks */ = {
			isa = PBXShellScriptBuildPhase;
			buildActionMask = 2147483647;
			files = (
			);
			inputFileListPaths = (
			);
			inputPaths = (
				"${SRCROOT}/Pods/Target Support Files/Pods-Quiz-FBLA/Pods-Quiz-FBLA-frameworks.sh",
				"${BUILT_PRODUCTS_DIR}/lottie-ios/Lottie.framework",
			);
			name = "[CP] Embed Pods Frameworks";
			outputFileListPaths = (
			);
			outputPaths = (
				"${TARGET_BUILD_DIR}/${FRAMEWORKS_FOLDER_PATH}/Lottie.framework",
			);
			runOnlyForDeploymentPostprocessing = 0;
			shellPath = /bin/sh;
			shellScript = "\"${SRCROOT}/Pods/Target Support Files/Pods-Quiz-FBLA/Pods-Quiz-FBLA-frameworks.sh\"\n";
			showEnvVarsInLog = 0;
		};
		B3B788118E076EC3D942CB0A /* [CP] Check Pods Manifest.lock */ = {
			isa = PBXShellScriptBuildPhase;
			buildActionMask = 2147483647;
			files = (
			);
			inputFileListPaths = (
			);
			inputPaths = (
				"${PODS_PODFILE_DIR_PATH}/Podfile.lock",
				"${PODS_ROOT}/Manifest.lock",
			);
			name = "[CP] Check Pods Manifest.lock";
			outputFileListPaths = (
			);
			outputPaths = (
				"$(DERIVED_FILE_DIR)/Pods-Quiz-FBLAUITests-checkManifestLockResult.txt",
			);
			runOnlyForDeploymentPostprocessing = 0;
			shellPath = /bin/sh;
			shellScript = "diff \"${PODS_PODFILE_DIR_PATH}/Podfile.lock\" \"${PODS_ROOT}/Manifest.lock\" > /dev/null\nif [ $? != 0 ] ; then\n    # print error to STDERR\n    echo \"error: The sandbox is not in sync with the Podfile.lock. Run 'pod install' or update your CocoaPods installation.\" >&2\n    exit 1\nfi\n# This output is used by Xcode 'outputs' to avoid re-running this script phase.\necho \"SUCCESS\" > \"${SCRIPT_OUTPUT_FILE_0}\"\n";
			showEnvVarsInLog = 0;
		};
		DDF2DFC1F9D581C804B981EE /* [CP] Check Pods Manifest.lock */ = {
			isa = PBXShellScriptBuildPhase;
			buildActionMask = 2147483647;
			files = (
			);
			inputFileListPaths = (
			);
			inputPaths = (
				"${PODS_PODFILE_DIR_PATH}/Podfile.lock",
				"${PODS_ROOT}/Manifest.lock",
			);
			name = "[CP] Check Pods Manifest.lock";
			outputFileListPaths = (
			);
			outputPaths = (
				"$(DERIVED_FILE_DIR)/Pods-Quiz-FBLA-checkManifestLockResult.txt",
			);
			runOnlyForDeploymentPostprocessing = 0;
			shellPath = /bin/sh;
			shellScript = "diff \"${PODS_PODFILE_DIR_PATH}/Podfile.lock\" \"${PODS_ROOT}/Manifest.lock\" > /dev/null\nif [ $? != 0 ] ; then\n    # print error to STDERR\n    echo \"error: The sandbox is not in sync with the Podfile.lock. Run 'pod install' or update your CocoaPods installation.\" >&2\n    exit 1\nfi\n# This output is used by Xcode 'outputs' to avoid re-running this script phase.\necho \"SUCCESS\" > \"${SCRIPT_OUTPUT_FILE_0}\"\n";
			showEnvVarsInLog = 0;
		};
/* End PBXShellScriptBuildPhase section */

/* Begin PBXSourcesBuildPhase section */
		1B5F842421E57C6F00F918E1 /* Sources */ = {
			isa = PBXSourcesBuildPhase;
			buildActionMask = 2147483647;
			files = (
				1B5F846521E5AB5B00F918E1 /* ViewControllerGame.swift in Sources */,
				1B5F842E21E57C6F00F918E1 /* ViewController.swift in Sources */,
				1B5F845F21E5856E00F918E1 /* ViewControllerHome.swift in Sources */,
				1B5F846721E5ABF500F918E1 /* Question.swift in Sources */,
				1B5F842C21E57C6F00F918E1 /* AppDelegate.swift in Sources */,
				1B5F846321E5960F00F918E1 /* ViewControllerTrivia.swift in Sources */,
				1BC750AF21EC8E6300E73287 /* ViewControllerAttribution.swift in Sources */,
				1B5F846B21E8506A00F918E1 /* ViewControllerEndScreen.swift in Sources */,
			);
			runOnlyForDeploymentPostprocessing = 0;
		};
		1B5F843821E57C7100F918E1 /* Sources */ = {
			isa = PBXSourcesBuildPhase;
			buildActionMask = 2147483647;
			files = (
				1B5F844121E57C7100F918E1 /* Quiz_FBLATests.swift in Sources */,
			);
			runOnlyForDeploymentPostprocessing = 0;
		};
		1B5F844321E57C7100F918E1 /* Sources */ = {
			isa = PBXSourcesBuildPhase;
			buildActionMask = 2147483647;
			files = (
				1B5F844C21E57C7100F918E1 /* Quiz_FBLAUITests.swift in Sources */,
			);
			runOnlyForDeploymentPostprocessing = 0;
		};
/* End PBXSourcesBuildPhase section */

/* Begin PBXTargetDependency section */
		1B5F843E21E57C7100F918E1 /* PBXTargetDependency */ = {
			isa = PBXTargetDependency;
			target = 1B5F842721E57C6F00F918E1 /* Quiz-FBLA */;
			targetProxy = 1B5F843D21E57C7100F918E1 /* PBXContainerItemProxy */;
		};
		1B5F844921E57C7100F918E1 /* PBXTargetDependency */ = {
			isa = PBXTargetDependency;
			target = 1B5F842721E57C6F00F918E1 /* Quiz-FBLA */;
			targetProxy = 1B5F844821E57C7100F918E1 /* PBXContainerItemProxy */;
		};
/* End PBXTargetDependency section */

/* Begin PBXVariantGroup section */
		1B5F842F21E57C6F00F918E1 /* Main.storyboard */ = {
			isa = PBXVariantGroup;
			children = (
				1B5F843021E57C6F00F918E1 /* Base */,
			);
			name = Main.storyboard;
			sourceTree = "<group>";
		};
		1B5F843421E57C7100F918E1 /* LaunchScreen.storyboard */ = {
			isa = PBXVariantGroup;
			children = (
				1B5F843521E57C7100F918E1 /* Base */,
			);
			name = LaunchScreen.storyboard;
			sourceTree = "<group>";
		};
/* End PBXVariantGroup section */

/* Begin XCBuildConfiguration section */
		1B5F844E21E57C7100F918E1 /* Debug */ = {
			isa = XCBuildConfiguration;
			buildSettings = {
				ALWAYS_SEARCH_USER_PATHS = NO;
				CLANG_ANALYZER_NONNULL = YES;
				CLANG_ANALYZER_NUMBER_OBJECT_CONVERSION = YES_AGGRESSIVE;
				CLANG_CXX_LANGUAGE_STANDARD = "gnu++14";
				CLANG_CXX_LIBRARY = "libc++";
				CLANG_ENABLE_MODULES = YES;
				CLANG_ENABLE_OBJC_ARC = YES;
				CLANG_ENABLE_OBJC_WEAK = YES;
				CLANG_WARN_BLOCK_CAPTURE_AUTORELEASING = YES;
				CLANG_WARN_BOOL_CONVERSION = YES;
				CLANG_WARN_COMMA = YES;
				CLANG_WARN_CONSTANT_CONVERSION = YES;
				CLANG_WARN_DEPRECATED_OBJC_IMPLEMENTATIONS = YES;
				CLANG_WARN_DIRECT_OBJC_ISA_USAGE = YES_ERROR;
				CLANG_WARN_DOCUMENTATION_COMMENTS = YES;
				CLANG_WARN_EMPTY_BODY = YES;
				CLANG_WARN_ENUM_CONVERSION = YES;
				CLANG_WARN_INFINITE_RECURSION = YES;
				CLANG_WARN_INT_CONVERSION = YES;
				CLANG_WARN_NON_LITERAL_NULL_CONVERSION = YES;
				CLANG_WARN_OBJC_IMPLICIT_RETAIN_SELF = YES;
				CLANG_WARN_OBJC_LITERAL_CONVERSION = YES;
				CLANG_WARN_OBJC_ROOT_CLASS = YES_ERROR;
				CLANG_WARN_RANGE_LOOP_ANALYSIS = YES;
				CLANG_WARN_STRICT_PROTOTYPES = YES;
				CLANG_WARN_SUSPICIOUS_MOVE = YES;
				CLANG_WARN_UNGUARDED_AVAILABILITY = YES_AGGRESSIVE;
				CLANG_WARN_UNREACHABLE_CODE = YES;
				CLANG_WARN__DUPLICATE_METHOD_MATCH = YES;
				CODE_SIGN_IDENTITY = "iPhone Developer";
				COPY_PHASE_STRIP = NO;
				DEBUG_INFORMATION_FORMAT = dwarf;
				ENABLE_STRICT_OBJC_MSGSEND = YES;
				ENABLE_TESTABILITY = YES;
				GCC_C_LANGUAGE_STANDARD = gnu11;
				GCC_DYNAMIC_NO_PIC = NO;
				GCC_NO_COMMON_BLOCKS = YES;
				GCC_OPTIMIZATION_LEVEL = 0;
				GCC_PREPROCESSOR_DEFINITIONS = (
					"DEBUG=1",
					"$(inherited)",
				);
				GCC_WARN_64_TO_32_BIT_CONVERSION = YES;
				GCC_WARN_ABOUT_RETURN_TYPE = YES_ERROR;
				GCC_WARN_UNDECLARED_SELECTOR = YES;
				GCC_WARN_UNINITIALIZED_AUTOS = YES_AGGRESSIVE;
				GCC_WARN_UNUSED_FUNCTION = YES;
				GCC_WARN_UNUSED_VARIABLE = YES;
				IPHONEOS_DEPLOYMENT_TARGET = 12.1;
				MTL_ENABLE_DEBUG_INFO = INCLUDE_SOURCE;
				MTL_FAST_MATH = YES;
				ONLY_ACTIVE_ARCH = YES;
				SDKROOT = iphoneos;
				SWIFT_ACTIVE_COMPILATION_CONDITIONS = DEBUG;
				SWIFT_OPTIMIZATION_LEVEL = "-Onone";
			};
			name = Debug;
		};
		1B5F844F21E57C7100F918E1 /* Release */ = {
			isa = XCBuildConfiguration;
			buildSettings = {
				ALWAYS_SEARCH_USER_PATHS = NO;
				CLANG_ANALYZER_NONNULL = YES;
				CLANG_ANALYZER_NUMBER_OBJECT_CONVERSION = YES_AGGRESSIVE;
				CLANG_CXX_LANGUAGE_STANDARD = "gnu++14";
				CLANG_CXX_LIBRARY = "libc++";
				CLANG_ENABLE_MODULES = YES;
				CLANG_ENABLE_OBJC_ARC = YES;
				CLANG_ENABLE_OBJC_WEAK = YES;
				CLANG_WARN_BLOCK_CAPTURE_AUTORELEASING = YES;
				CLANG_WARN_BOOL_CONVERSION = YES;
				CLANG_WARN_COMMA = YES;
				CLANG_WARN_CONSTANT_CONVERSION = YES;
				CLANG_WARN_DEPRECATED_OBJC_IMPLEMENTATIONS = YES;
				CLANG_WARN_DIRECT_OBJC_ISA_USAGE = YES_ERROR;
				CLANG_WARN_DOCUMENTATION_COMMENTS = YES;
				CLANG_WARN_EMPTY_BODY = YES;
				CLANG_WARN_ENUM_CONVERSION = YES;
				CLANG_WARN_INFINITE_RECURSION = YES;
				CLANG_WARN_INT_CONVERSION = YES;
				CLANG_WARN_NON_LITERAL_NULL_CONVERSION = YES;
				CLANG_WARN_OBJC_IMPLICIT_RETAIN_SELF = YES;
				CLANG_WARN_OBJC_LITERAL_CONVERSION = YES;
				CLANG_WARN_OBJC_ROOT_CLASS = YES_ERROR;
				CLANG_WARN_RANGE_LOOP_ANALYSIS = YES;
				CLANG_WARN_STRICT_PROTOTYPES = YES;
				CLANG_WARN_SUSPICIOUS_MOVE = YES;
				CLANG_WARN_UNGUARDED_AVAILABILITY = YES_AGGRESSIVE;
				CLANG_WARN_UNREACHABLE_CODE = YES;
				CLANG_WARN__DUPLICATE_METHOD_MATCH = YES;
				CODE_SIGN_IDENTITY = "iPhone Developer";
				COPY_PHASE_STRIP = NO;
				DEBUG_INFORMATION_FORMAT = "dwarf-with-dsym";
				ENABLE_NS_ASSERTIONS = NO;
				ENABLE_STRICT_OBJC_MSGSEND = YES;
				GCC_C_LANGUAGE_STANDARD = gnu11;
				GCC_NO_COMMON_BLOCKS = YES;
				GCC_WARN_64_TO_32_BIT_CONVERSION = YES;
				GCC_WARN_ABOUT_RETURN_TYPE = YES_ERROR;
				GCC_WARN_UNDECLARED_SELECTOR = YES;
				GCC_WARN_UNINITIALIZED_AUTOS = YES_AGGRESSIVE;
				GCC_WARN_UNUSED_FUNCTION = YES;
				GCC_WARN_UNUSED_VARIABLE = YES;
				IPHONEOS_DEPLOYMENT_TARGET = 12.1;
				MTL_ENABLE_DEBUG_INFO = NO;
				MTL_FAST_MATH = YES;
				SDKROOT = iphoneos;
				SWIFT_COMPILATION_MODE = wholemodule;
				SWIFT_OPTIMIZATION_LEVEL = "-O";
				VALIDATE_PRODUCT = YES;
			};
			name = Release;
		};
		1B5F845121E57C7100F918E1 /* Debug */ = {
			isa = XCBuildConfiguration;
			baseConfigurationReference = 0C61574F159E28140108DA40 /* Pods-Quiz-FBLA.debug.xcconfig */;
			buildSettings = {
				ASSETCATALOG_COMPILER_APPICON_NAME = AppIcon;
				CODE_SIGN_STYLE = Automatic;
				DEVELOPMENT_TEAM = G64FH3MU94;
				INFOPLIST_FILE = "$(SRCROOT)/Quiz-FBLA/Other/Info.plist";
				LD_RUNPATH_SEARCH_PATHS = (
					"$(inherited)",
					"@executable_path/Frameworks",
				);
				PRODUCT_BUNDLE_IDENTIFIER = "FBLAQUIZ.Quiz-FBLA";
				PRODUCT_NAME = "$(TARGET_NAME)";
				SWIFT_VERSION = 4.2;
				TARGETED_DEVICE_FAMILY = "1,2";
			};
			name = Debug;
		};
		1B5F845221E57C7100F918E1 /* Release */ = {
			isa = XCBuildConfiguration;
			baseConfigurationReference = 0DED3CBA5DDFD7DF69D23192 /* Pods-Quiz-FBLA.release.xcconfig */;
			buildSettings = {
				ASSETCATALOG_COMPILER_APPICON_NAME = AppIcon;
				CODE_SIGN_STYLE = Automatic;
				DEVELOPMENT_TEAM = G64FH3MU94;
				INFOPLIST_FILE = "$(SRCROOT)/Quiz-FBLA/Other/Info.plist";
				LD_RUNPATH_SEARCH_PATHS = (
					"$(inherited)",
					"@executable_path/Frameworks",
				);
				PRODUCT_BUNDLE_IDENTIFIER = "FBLAQUIZ.Quiz-FBLA";
				PRODUCT_NAME = "$(TARGET_NAME)";
				SWIFT_VERSION = 4.2;
				TARGETED_DEVICE_FAMILY = "1,2";
			};
			name = Release;
		};
		1B5F845421E57C7100F918E1 /* Debug */ = {
			isa = XCBuildConfiguration;
			baseConfigurationReference = C344A87047A3C4794269CB7B /* Pods-Quiz-FBLATests.debug.xcconfig */;
			buildSettings = {
				ALWAYS_EMBED_SWIFT_STANDARD_LIBRARIES = YES;
				BUNDLE_LOADER = "$(TEST_HOST)";
				CODE_SIGN_STYLE = Automatic;
				DEVELOPMENT_TEAM = G64FH3MU94;
				INFOPLIST_FILE = "Quiz-FBLATests/Info.plist";
				LD_RUNPATH_SEARCH_PATHS = (
					"$(inherited)",
					"@executable_path/Frameworks",
					"@loader_path/Frameworks",
				);
				PRODUCT_BUNDLE_IDENTIFIER = "FBLAQUIZ.Quiz-FBLATests";
				PRODUCT_NAME = "$(TARGET_NAME)";
				SWIFT_VERSION = 4.2;
				TARGETED_DEVICE_FAMILY = "1,2";
				TEST_HOST = "$(BUILT_PRODUCTS_DIR)/Quiz-FBLA.app/Quiz-FBLA";
			};
			name = Debug;
		};
		1B5F845521E57C7100F918E1 /* Release */ = {
			isa = XCBuildConfiguration;
			baseConfigurationReference = 4174F88DF160BF90BC5B05DB /* Pods-Quiz-FBLATests.release.xcconfig */;
			buildSettings = {
				ALWAYS_EMBED_SWIFT_STANDARD_LIBRARIES = YES;
				BUNDLE_LOADER = "$(TEST_HOST)";
				CODE_SIGN_STYLE = Automatic;
				DEVELOPMENT_TEAM = G64FH3MU94;
				INFOPLIST_FILE = "Quiz-FBLATests/Info.plist";
				LD_RUNPATH_SEARCH_PATHS = (
					"$(inherited)",
					"@executable_path/Frameworks",
					"@loader_path/Frameworks",
				);
				PRODUCT_BUNDLE_IDENTIFIER = "FBLAQUIZ.Quiz-FBLATests";
				PRODUCT_NAME = "$(TARGET_NAME)";
				SWIFT_VERSION = 4.2;
				TARGETED_DEVICE_FAMILY = "1,2";
				TEST_HOST = "$(BUILT_PRODUCTS_DIR)/Quiz-FBLA.app/Quiz-FBLA";
			};
			name = Release;
		};
		1B5F845721E57C7100F918E1 /* Debug */ = {
			isa = XCBuildConfiguration;
			baseConfigurationReference = CDECE40CFFF14DDBA631507B /* Pods-Quiz-FBLAUITests.debug.xcconfig */;
			buildSettings = {
				ALWAYS_EMBED_SWIFT_STANDARD_LIBRARIES = YES;
				CODE_SIGN_STYLE = Automatic;
				DEVELOPMENT_TEAM = G64FH3MU94;
				INFOPLIST_FILE = "Quiz-FBLAUITests/Info.plist";
				LD_RUNPATH_SEARCH_PATHS = (
					"$(inherited)",
					"@executable_path/Frameworks",
					"@loader_path/Frameworks",
				);
				PRODUCT_BUNDLE_IDENTIFIER = "FBLAQUIZ.Quiz-FBLAUITests";
				PRODUCT_NAME = "$(TARGET_NAME)";
				SWIFT_VERSION = 4.2;
				TARGETED_DEVICE_FAMILY = "1,2";
				TEST_TARGET_NAME = "Quiz-FBLA";
			};
			name = Debug;
		};
		1B5F845821E57C7100F918E1 /* Release */ = {
			isa = XCBuildConfiguration;
			baseConfigurationReference = 43B11550320BD5A988C3CF09 /* Pods-Quiz-FBLAUITests.release.xcconfig */;
			buildSettings = {
				ALWAYS_EMBED_SWIFT_STANDARD_LIBRARIES = YES;
				CODE_SIGN_STYLE = Automatic;
				DEVELOPMENT_TEAM = G64FH3MU94;
				INFOPLIST_FILE = "Quiz-FBLAUITests/Info.plist";
				LD_RUNPATH_SEARCH_PATHS = (
					"$(inherited)",
					"@executable_path/Frameworks",
					"@loader_path/Frameworks",
				);
				PRODUCT_BUNDLE_IDENTIFIER = "FBLAQUIZ.Quiz-FBLAUITests";
				PRODUCT_NAME = "$(TARGET_NAME)";
				SWIFT_VERSION = 4.2;
				TARGETED_DEVICE_FAMILY = "1,2";
				TEST_TARGET_NAME = "Quiz-FBLA";
			};
			name = Release;
		};
/* End XCBuildConfiguration section */

/* Begin XCConfigurationList section */
		1B5F842321E57C6F00F918E1 /* Build configuration list for PBXProject "Quiz-FBLA" */ = {
			isa = XCConfigurationList;
			buildConfigurations = (
				1B5F844E21E57C7100F918E1 /* Debug */,
				1B5F844F21E57C7100F918E1 /* Release */,
			);
			defaultConfigurationIsVisible = 0;
			defaultConfigurationName = Release;
		};
		1B5F845021E57C7100F918E1 /* Build configuration list for PBXNativeTarget "Quiz-FBLA" */ = {
			isa = XCConfigurationList;
			buildConfigurations = (
				1B5F845121E57C7100F918E1 /* Debug */,
				1B5F845221E57C7100F918E1 /* Release */,
			);
			defaultConfigurationIsVisible = 0;
			defaultConfigurationName = Release;
		};
		1B5F845321E57C7100F918E1 /* Build configuration list for PBXNativeTarget "Quiz-FBLATests" */ = {
			isa = XCConfigurationList;
			buildConfigurations = (
				1B5F845421E57C7100F918E1 /* Debug */,
				1B5F845521E57C7100F918E1 /* Release */,
			);
			defaultConfigurationIsVisible = 0;
			defaultConfigurationName = Release;
		};
		1B5F845621E57C7100F918E1 /* Build configuration list for PBXNativeTarget "Quiz-FBLAUITests" */ = {
			isa = XCConfigurationList;
			buildConfigurations = (
				1B5F845721E57C7100F918E1 /* Debug */,
				1B5F845821E57C7100F918E1 /* Release */,
			);
			defaultConfigurationIsVisible = 0;
			defaultConfigurationName = Release;
		};
/* End XCConfigurationList section */
	};
	rootObject = 1B5F842021E57C6F00F918E1 /* Project object */;
}
